// !$*UTF8*$!
{
	archiveVersion = 1;
	classes = {
	};
	objectVersion = 46;
	objects = {

/* Begin PBXBuildFile section */
		CE159A9C1EE0023800F42471 /* main.m in Sources */ = {isa = PBXBuildFile; fileRef = CE159A9B1EE0023800F42471 /* main.m */; };
		CE159A9F1EE0023800F42471 /* AppDelegate.m in Sources */ = {isa = PBXBuildFile; fileRef = CE159A9E1EE0023800F42471 /* AppDelegate.m */; };
		CE159AA21EE0023800F42471 /* ViewController.m in Sources */ = {isa = PBXBuildFile; fileRef = CE159AA11EE0023800F42471 /* ViewController.m */; };
		CE159AA51EE0023800F42471 /* Main.storyboard in Resources */ = {isa = PBXBuildFile; fileRef = CE159AA31EE0023800F42471 /* Main.storyboard */; };
		CE159AA71EE0023800F42471 /* Assets.xcassets in Resources */ = {isa = PBXBuildFile; fileRef = CE159AA61EE0023800F42471 /* Assets.xcassets */; };
		CE159AAA1EE0023800F42471 /* LaunchScreen.storyboard in Resources */ = {isa = PBXBuildFile; fileRef = CE159AA81EE0023800F42471 /* LaunchScreen.storyboard */; };
		CE159AB51EE0023800F42471 /* NSTextAttachmentTestDemoTests.m in Sources */ = {isa = PBXBuildFile; fileRef = CE159AB41EE0023800F42471 /* NSTextAttachmentTestDemoTests.m */; };
		CE159AC01EE0023800F42471 /* NSTextAttachmentTestDemoUITests.m in Sources */ = {isa = PBXBuildFile; fileRef = CE159ABF1EE0023800F42471 /* NSTextAttachmentTestDemoUITests.m */; };
/* End PBXBuildFile section */

/* Begin PBXContainerItemProxy section */
		CE159AB11EE0023800F42471 /* PBXContainerItemProxy */ = {
			isa = PBXContainerItemProxy;
			containerPortal = CE159A8F1EE0023800F42471 /* Project object */;
			proxyType = 1;
			remoteGlobalIDString = CE159A961EE0023800F42471;
			remoteInfo = NSTextAttachmentTestDemo;
		};
		CE159ABC1EE0023800F42471 /* PBXContainerItemProxy */ = {
			isa = PBXContainerItemProxy;
			containerPortal = CE159A8F1EE0023800F42471 /* Project object */;
			proxyType = 1;
			remoteGlobalIDString = CE159A961EE0023800F42471;
			remoteInfo = NSTextAttachmentTestDemo;
		};
/* End PBXContainerItemProxy section */

/* Begin PBXFileReference section */
		CE159A971EE0023800F42471 /* NSTextAttachmentTestDemo.app */ = {isa = PBXFileReference; explicitFileType = wrapper.application; includeInIndex = 0; path = NSTextAttachmentTestDemo.app; sourceTree = BUILT_PRODUCTS_DIR; };
		CE159A9B1EE0023800F42471 /* main.m */ = {isa = PBXFileReference; lastKnownFileType = sourcecode.c.objc; path = main.m; sourceTree = "<group>"; };
		CE159A9D1EE0023800F42471 /* AppDelegate.h */ = {isa = PBXFileReference; lastKnownFileType = sourcecode.c.h; path = AppDelegate.h; sourceTree = "<group>"; };
		CE159A9E1EE0023800F42471 /* AppDelegate.m */ = {isa = PBXFileReference; lastKnownFileType = sourcecode.c.objc; path = AppDelegate.m; sourceTree = "<group>"; };
		CE159AA01EE0023800F42471 /* ViewController.h */ = {isa = PBXFileReference; lastKnownFileType = sourcecode.c.h; path = ViewController.h; sourceTree = "<group>"; };
		CE159AA11EE0023800F42471 /* ViewController.m */ = {isa = PBXFileReference; lastKnownFileType = sourcecode.c.objc; path = ViewController.m; sourceTree = "<group>"; };
		CE159AA41EE0023800F42471 /* Base */ = {isa = PBXFileReference; lastKnownFileType = file.storyboard; name = Base; path = Base.lproj/Main.storyboard; sourceTree = "<group>"; };
		CE159AA61EE0023800F42471 /* Assets.xcassets */ = {isa = PBXFileReference; lastKnownFileType = folder.assetcatalog; path = Assets.xcassets; sourceTree = "<group>"; };
		CE159AA91EE0023800F42471 /* Base */ = {isa = PBXFileReference; lastKnownFileType = file.storyboard; name = Base; path = Base.lproj/LaunchScreen.storyboard; sourceTree = "<group>"; };
		CE159AAB1EE0023800F42471 /* Info.plist */ = {isa = PBXFileReference; lastKnownFileType = text.plist.xml; path = Info.plist; sourceTree = "<group>"; };
		CE159AB01EE0023800F42471 /* NSTextAttachmentTestDemoTests.xctest */ = {isa = PBXFileReference; explicitFileType = wrapper.cfbundle; includeInIndex = 0; path = NSTextAttachmentTestDemoTests.xctest; sourceTree = BUILT_PRODUCTS_DIR; };
		CE159AB41EE0023800F42471 /* NSTextAttachmentTestDemoTests.m */ = {isa = PBXFileReference; lastKnownFileType = sourcecode.c.objc; path = NSTextAttachmentTestDemoTests.m; sourceTree = "<group>"; };
		CE159AB61EE0023800F42471 /* Info.plist */ = {isa = PBXFileReference; lastKnownFileType = text.plist.xml; path = Info.plist; sourceTree = "<group>"; };
		CE159ABB1EE0023800F42471 /* NSTextAttachmentTestDemoUITests.xctest */ = {isa = PBXFileReference; explicitFileType = wrapper.cfbundle; includeInIndex = 0; path = NSTextAttachmentTestDemoUITests.xctest; sourceTree = BUILT_PRODUCTS_DIR; };
		CE159ABF1EE0023800F42471 /* NSTextAttachmentTestDemoUITests.m */ = {isa = PBXFileReference; lastKnownFileType = sourcecode.c.objc; path = NSTextAttachmentTestDemoUITests.m; sourceTree = "<group>"; };
		CE159AC11EE0023800F42471 /* Info.plist */ = {isa = PBXFileReference; lastKnownFileType = text.plist.xml; path = Info.plist; sourceTree = "<group>"; };
/* End PBXFileReference section */

/* Begin PBXFrameworksBuildPhase section */
		CE159A941EE0023800F42471 /* Frameworks */ = {
			isa = PBXFrameworksBuildPhase;
			buildActionMask = 2147483647;
			files = (
			);
			runOnlyForDeploymentPostprocessing = 0;
		};
		CE159AAD1EE0023800F42471 /* Frameworks */ = {
			isa = PBXFrameworksBuildPhase;
			buildActionMask = 2147483647;
			files = (
			);
			runOnlyForDeploymentPostprocessing = 0;
		};
		CE159AB81EE0023800F42471 /* Frameworks */ = {
			isa = PBXFrameworksBuildPhase;
			buildActionMask = 2147483647;
			files = (
			);
			runOnlyForDeploymentPostprocessing = 0;
		};
/* End PBXFrameworksBuildPhase section */

/* Begin PBXGroup section */
		CE159A8E1EE0023800F42471 = {
			isa = PBXGroup;
			children = (
				CE159A991EE0023800F42471 /* NSTextAttachmentTestDemo */,
				CE159AB31EE0023800F42471 /* NSTextAttachmentTestDemoTests */,
				CE159ABE1EE0023800F42471 /* NSTextAttachmentTestDemoUITests */,
				CE159A981EE0023800F42471 /* Products */,
			);
			sourceTree = "<group>";
		};
		CE159A981EE0023800F42471 /* Products */ = {
			isa = PBXGroup;
			children = (
				CE159A971EE0023800F42471 /* NSTextAttachmentTestDemo.app */,
				CE159AB01EE0023800F42471 /* NSTextAttachmentTestDemoTests.xctest */,
				CE159ABB1EE0023800F42471 /* NSTextAttachmentTestDemoUITests.xctest */,
			);
			name = Products;
			sourceTree = "<group>";
		};
		CE159A991EE0023800F42471 /* NSTextAttachmentTestDemo */ = {
			isa = PBXGroup;
			children = (
				CE159A9D1EE0023800F42471 /* AppDelegate.h */,
				CE159A9E1EE0023800F42471 /* AppDelegate.m */,
				CE159AA01EE0023800F42471 /* ViewController.h */,
				CE159AA11EE0023800F42471 /* ViewController.m */,
				CE159AA31EE0023800F42471 /* Main.storyboard */,
				CE159AA61EE0023800F42471 /* Assets.xcassets */,
				CE159AA81EE0023800F42471 /* LaunchScreen.storyboard */,
				CE159AAB1EE0023800F42471 /* Info.plist */,
				CE159A9A1EE0023800F42471 /* Supporting Files */,
			);
			path = NSTextAttachmentTestDemo;
			sourceTree = "<group>";
		};
		CE159A9A1EE0023800F42471 /* Supporting Files */ = {
			isa = PBXGroup;
			children = (
				CE159A9B1EE0023800F42471 /* main.m */,
			);
			name = "Supporting Files";
			sourceTree = "<group>";
		};
		CE159AB31EE0023800F42471 /* NSTextAttachmentTestDemoTests */ = {
			isa = PBXGroup;
			children = (
				CE159AB41EE0023800F42471 /* NSTextAttachmentTestDemoTests.m */,
				CE159AB61EE0023800F42471 /* Info.plist */,
			);
			path = NSTextAttachmentTestDemoTests;
			sourceTree = "<group>";
		};
		CE159ABE1EE0023800F42471 /* NSTextAttachmentTestDemoUITests */ = {
			isa = PBXGroup;
			children = (
				CE159ABF1EE0023800F42471 /* NSTextAttachmentTestDemoUITests.m */,
				CE159AC11EE0023800F42471 /* Info.plist */,
			);
			path = NSTextAttachmentTestDemoUITests;
			sourceTree = "<group>";
		};
/* End PBXGroup section */

/* Begin PBXNativeTarget section */
		CE159A961EE0023800F42471 /* NSTextAttachmentTestDemo */ = {
			isa = PBXNativeTarget;
			buildConfigurationList = CE159AC41EE0023800F42471 /* Build configuration list for PBXNativeTarget "NSTextAttachmentTestDemo" */;
			buildPhases = (
				CE159A931EE0023800F42471 /* Sources */,
				CE159A941EE0023800F42471 /* Frameworks */,
				CE159A951EE0023800F42471 /* Resources */,
			);
			buildRules = (
			);
			dependencies = (
			);
			name = NSTextAttachmentTestDemo;
			productName = NSTextAttachmentTestDemo;
			productReference = CE159A971EE0023800F42471 /* NSTextAttachmentTestDemo.app */;
			productType = "com.apple.product-type.application";
		};
		CE159AAF1EE0023800F42471 /* NSTextAttachmentTestDemoTests */ = {
			isa = PBXNativeTarget;
			buildConfigurationList = CE159AC71EE0023800F42471 /* Build configuration list for PBXNativeTarget "NSTextAttachmentTestDemoTests" */;
			buildPhases = (
				CE159AAC1EE0023800F42471 /* Sources */,
				CE159AAD1EE0023800F42471 /* Frameworks */,
				CE159AAE1EE0023800F42471 /* Resources */,
			);
			buildRules = (
			);
			dependencies = (
				CE159AB21EE0023800F42471 /* PBXTargetDependency */,
			);
			name = NSTextAttachmentTestDemoTests;
			productName = NSTextAttachmentTestDemoTests;
			productReference = CE159AB01EE0023800F42471 /* NSTextAttachmentTestDemoTests.xctest */;
			productType = "com.apple.product-type.bundle.unit-test";
		};
		CE159ABA1EE0023800F42471 /* NSTextAttachmentTestDemoUITests */ = {
			isa = PBXNativeTarget;
			buildConfigurationList = CE159ACA1EE0023800F42471 /* Build configuration list for PBXNativeTarget "NSTextAttachmentTestDemoUITests" */;
			buildPhases = (
				CE159AB71EE0023800F42471 /* Sources */,
				CE159AB81EE0023800F42471 /* Frameworks */,
				CE159AB91EE0023800F42471 /* Resources */,
			);
			buildRules = (
			);
			dependencies = (
				CE159ABD1EE0023800F42471 /* PBXTargetDependency */,
			);
			name = NSTextAttachmentTestDemoUITests;
			productName = NSTextAttachmentTestDemoUITests;
			productReference = CE159ABB1EE0023800F42471 /* NSTextAttachmentTestDemoUITests.xctest */;
			productType = "com.apple.product-type.bundle.ui-testing";
		};
/* End PBXNativeTarget section */

/* Begin PBXProject section */
		CE159A8F1EE0023800F42471 /* Project object */ = {
			isa = PBXProject;
			attributes = {
				LastUpgradeCheck = 0830;
				ORGANIZATIONNAME = thomas;
				TargetAttributes = {
					CE159A961EE0023800F42471 = {
						CreatedOnToolsVersion = 8.3.2;
						DevelopmentTeam = ZK9A286AA6;
						ProvisioningStyle = Automatic;
					};
					CE159AAF1EE0023800F42471 = {
						CreatedOnToolsVersion = 8.3.2;
						DevelopmentTeam = ZK9A286AA6;
						ProvisioningStyle = Automatic;
						TestTargetID = CE159A961EE0023800F42471;
					};
					CE159ABA1EE0023800F42471 = {
						CreatedOnToolsVersion = 8.3.2;
						DevelopmentTeam = ZK9A286AA6;
						ProvisioningStyle = Automatic;
						TestTargetID = CE159A961EE0023800F42471;
					};
				};
			};
			buildConfigurationList = CE159A921EE0023800F42471 /* Build configuration list for PBXProject "NSTextAttachmentTestDemo" */;
			compatibilityVersion = "Xcode 3.2";
			developmentRegion = English;
			hasScannedForEncodings = 0;
			knownRegions = (
				en,
				Base,
			);
			mainGroup = CE159A8E1EE0023800F42471;
			productRefGroup = CE159A981EE0023800F42471 /* Products */;
			projectDirPath = "";
			projectRoot = "";
			targets = (
				CE159A961EE0023800F42471 /* NSTextAttachmentTestDemo */,
				CE159AAF1EE0023800F42471 /* NSTextAttachmentTestDemoTests */,
				CE159ABA1EE0023800F42471 /* NSTextAttachmentTestDemoUITests */,
			);
		};
/* End PBXProject section */

/* Begin PBXResourcesBuildPhase section */
		CE159A951EE0023800F42471 /* Resources */ = {
			isa = PBXResourcesBuildPhase;
			buildActionMask = 2147483647;
			files = (
				CE159AAA1EE0023800F42471 /* LaunchScreen.storyboard in Resources */,
				CE159AA71EE0023800F42471 /* Assets.xcassets in Resources */,
				CE159AA51EE0023800F42471 /* Main.storyboard in Resources */,
			);
			runOnlyForDeploymentPostprocessing = 0;
		};
		CE159AAE1EE0023800F42471 /* Resources */ = {
			isa = PBXResourcesBuildPhase;
			buildActionMask = 2147483647;
			files = (
			);
			runOnlyForDeploymentPostprocessing = 0;
		};
		CE159AB91EE0023800F42471 /* Resources */ = {
			isa = PBXResourcesBuildPhase;
			buildActionMask = 2147483647;
			files = (
			);
			runOnlyForDeploymentPostprocessing = 0;
		};
/* End PBXResourcesBuildPhase section */

/* Begin PBXSourcesBuildPhase section */
		CE159A931EE0023800F42471 /* Sources */ = {
			isa = PBXSourcesBuildPhase;
			buildActionMask = 2147483647;
			files = (
				CE159AA21EE0023800F42471 /* ViewController.m in Sources */,
				CE159A9F1EE0023800F42471 /* AppDelegate.m in Sources */,
				CE159A9C1EE0023800F42471 /* main.m in Sources */,
			);
			runOnlyForDeploymentPostprocessing = 0;
		};
		CE159AAC1EE0023800F42471 /* Sources */ = {
			isa = PBXSourcesBuildPhase;
			buildActionMask = 2147483647;
			files = (
				CE159AB51EE0023800F42471 /* NSTextAttachmentTestDemoTests.m in Sources */,
			);
			runOnlyForDeploymentPostprocessing = 0;
		};
		CE159AB71EE0023800F42471 /* Sources */ = {
			isa = PBXSourcesBuildPhase;
			buildActionMask = 2147483647;
			files = (
				CE159AC01EE0023800F42471 /* NSTextAttachmentTestDemoUITests.m in Sources */,
			);
			runOnlyForDeploymentPostprocessing = 0;
		};
/* End PBXSourcesBuildPhase section */

/* Begin PBXTargetDependency section */
		CE159AB21EE0023800F42471 /* PBXTargetDependency */ = {
			isa = PBXTargetDependency;
			target = CE159A961EE0023800F42471 /* NSTextAttachmentTestDemo */;
			targetProxy = CE159AB11EE0023800F42471 /* PBXContainerItemProxy */;
		};
		CE159ABD1EE0023800F42471 /* PBXTargetDependency */ = {
			isa = PBXTargetDependency;
			target = CE159A961EE0023800F42471 /* NSTextAttachmentTestDemo */;
			targetProxy = CE159ABC1EE0023800F42471 /* PBXContainerItemProxy */;
		};
/* End PBXTargetDependency section */

/* Begin PBXVariantGroup section */
		CE159AA31EE0023800F42471 /* Main.storyboard */ = {
			isa = PBXVariantGroup;
			children = (
				CE159AA41EE0023800F42471 /* Base */,
			);
			name = Main.storyboard;
			sourceTree = "<group>";
		};
		CE159AA81EE0023800F42471 /* LaunchScreen.storyboard */ = {
			isa = PBXVariantGroup;
			children = (
				CE159AA91EE0023800F42471 /* Base */,
			);
			name = LaunchScreen.storyboard;
			sourceTree = "<group>";
		};
/* End PBXVariantGroup section */

/* Begin XCBuildConfiguration section */
		CE159AC21EE0023800F42471 /* Debug */ = {
			isa = XCBuildConfiguration;
			buildSettings = {
				ALWAYS_SEARCH_USER_PATHS = NO;
				CLANG_ANALYZER_NONNULL = YES;
				CLANG_ANALYZER_NUMBER_OBJECT_CONVERSION = YES_AGGRESSIVE;
				CLANG_CXX_LANGUAGE_STANDARD = "gnu++0x";
				CLANG_CXX_LIBRARY = "libc++";
				CLANG_ENABLE_MODULES = YES;
				CLANG_ENABLE_OBJC_ARC = YES;
				CLANG_WARN_BOOL_CONVERSION = YES;
				CLANG_WARN_CONSTANT_CONVERSION = YES;
				CLANG_WARN_DIRECT_OBJC_ISA_USAGE = YES_ERROR;
				CLANG_WARN_DOCUMENTATION_COMMENTS = YES;
				CLANG_WARN_EMPTY_BODY = YES;
				CLANG_WARN_ENUM_CONVERSION = YES;
				CLANG_WARN_INFINITE_RECURSION = YES;
				CLANG_WARN_INT_CONVERSION = YES;
				CLANG_WARN_OBJC_ROOT_CLASS = YES_ERROR;
				CLANG_WARN_SUSPICIOUS_MOVE = YES;
				CLANG_WARN_UNREACHABLE_CODE = YES;
				CLANG_WARN__DUPLICATE_METHOD_MATCH = YES;
				"CODE_SIGN_IDENTITY[sdk=iphoneos*]" = "iPhone Developer";
				COPY_PHASE_STRIP = NO;
				DEBUG_INFORMATION_FORMAT = dwarf;
				ENABLE_STRICT_OBJC_MSGSEND = YES;
				ENABLE_TESTABILITY = YES;
				GCC_C_LANGUAGE_STANDARD = gnu99;
				GCC_DYNAMIC_NO_PIC = NO;
				GCC_NO_COMMON_BLOCKS = YES;
				GCC_OPTIMIZATION_LEVEL = 0;
				GCC_PREPROCESSOR_DEFINITIONS = (
					"DEBUG=1",
					"$(inherited)",
				);
				GCC_WARN_64_TO_32_BIT_CONVERSION = YES;
				GCC_WARN_ABOUT_RETURN_TYPE = YES_ERROR;
				GCC_WARN_UNDECLARED_SELECTOR = YES;
				GCC_WARN_UNINITIALIZED_AUTOS = YES_AGGRESSIVE;
				GCC_WARN_UNUSED_FUNCTION = YES;
				GCC_WARN_UNUSED_VARIABLE = YES;
				IPHONEOS_DEPLOYMENT_TARGET = 10.3;
				MTL_ENABLE_DEBUG_INFO = YES;
				ONLY_ACTIVE_ARCH = YES;
				SDKROOT = iphoneos;
				TARGETED_DEVICE_FAMILY = "1,2";
			};
			name = Debug;
		};
		CE159AC31EE0023800F42471 /* Release */ = {
			isa = XCBuildConfiguration;
			buildSettings = {
				ALWAYS_SEARCH_USER_PATHS = NO;
				CLANG_ANALYZER_NONNULL = YES;
				CLANG_ANALYZER_NUMBER_OBJECT_CONVERSION = YES_AGGRESSIVE;
				CLANG_CXX_LANGUAGE_STANDARD = "gnu++0x";
				CLANG_CXX_LIBRARY = "libc++";
				CLANG_ENABLE_MODULES = YES;
				CLANG_ENABLE_OBJC_ARC = YES;
				CLANG_WARN_BOOL_CONVERSION = YES;
				CLANG_WARN_CONSTANT_CONVERSION = YES;
				CLANG_WARN_DIRECT_OBJC_ISA_USAGE = YES_ERROR;
				CLANG_WARN_DOCUMENTATION_COMMENTS = YES;
				CLANG_WARN_EMPTY_BODY = YES;
				CLANG_WARN_ENUM_CONVERSION = YES;
				CLANG_WARN_INFINITE_RECURSION = YES;
				CLANG_WARN_INT_CONVERSION = YES;
				CLANG_WARN_OBJC_ROOT_CLASS = YES_ERROR;
				CLANG_WARN_SUSPICIOUS_MOVE = YES;
				CLANG_WARN_UNREACHABLE_CODE = YES;
				CLANG_WARN__DUPLICATE_METHOD_MATCH = YES;
				"CODE_SIGN_IDENTITY[sdk=iphoneos*]" = "iPhone Developer";
				COPY_PHASE_STRIP = NO;
				DEBUG_INFORMATION_FORMAT = "dwarf-with-dsym";
				ENABLE_NS_ASSERTIONS = NO;
				ENABLE_STRICT_OBJC_MSGSEND = YES;
				GCC_C_LANGUAGE_STANDARD = gnu99;
				GCC_NO_COMMON_BLOCKS = YES;
				GCC_WARN_64_TO_32_BIT_CONVERSION = YES;
				GCC_WARN_ABOUT_RETURN_TYPE = YES_ERROR;
				GCC_WARN_UNDECLARED_SELECTOR = YES;
				GCC_WARN_UNINITIALIZED_AUTOS = YES_AGGRESSIVE;
				GCC_WARN_UNUSED_FUNCTION = YES;
				GCC_WARN_UNUSED_VARIABLE = YES;
				IPHONEOS_DEPLOYMENT_TARGET = 10.3;
				MTL_ENABLE_DEBUG_INFO = NO;
				SDKROOT = iphoneos;
				TARGETED_DEVICE_FAMILY = "1,2";
				VALIDATE_PRODUCT = YES;
			};
			name = Release;
		};
		CE159AC51EE0023800F42471 /* Debug */ = {
			isa = XCBuildConfiguration;
			buildSettings = {
				ASSETCATALOG_COMPILER_APPICON_NAME = AppIcon;
				DEVELOPMENT_TEAM = ZK9A286AA6;
				INFOPLIST_FILE = NSTextAttachmentTestDemo/Info.plist;
				LD_RUNPATH_SEARCH_PATHS = "$(inherited) @executable_path/Frameworks";
				PRODUCT_BUNDLE_IDENTIFIER = thomas.NSTextAttachmentTestDemo;
				PRODUCT_NAME = "$(TARGET_NAME)";
			};
			name = Debug;
		};
		CE159AC61EE0023800F42471 /* Release */ = {
			isa = XCBuildConfiguration;
			buildSettings = {
				ASSETCATALOG_COMPILER_APPICON_NAME = AppIcon;
				DEVELOPMENT_TEAM = ZK9A286AA6;
				INFOPLIST_FILE = NSTextAttachmentTestDemo/Info.plist;
				LD_RUNPATH_SEARCH_PATHS = "$(inherited) @executable_path/Frameworks";
				PRODUCT_BUNDLE_IDENTIFIER = thomas.NSTextAttachmentTestDemo;
				PRODUCT_NAME = "$(TARGET_NAME)";
			};
			name = Release;
		};
		CE159AC81EE0023800F42471 /* Debug */ = {
			isa = XCBuildConfiguration;
			buildSettings = {
				BUNDLE_LOADER = "$(TEST_HOST)";
				DEVELOPMENT_TEAM = ZK9A286AA6;
				INFOPLIST_FILE = NSTextAttachmentTestDemoTests/Info.plist;
				LD_RUNPATH_SEARCH_PATHS = "$(inherited) @executable_path/Frameworks @loader_path/Frameworks";
				PRODUCT_BUNDLE_IDENTIFIER = thomas.NSTextAttachmentTestDemoTests;
				PRODUCT_NAME = "$(TARGET_NAME)";
				TEST_HOST = "$(BUILT_PRODUCTS_DIR)/NSTextAttachmentTestDemo.app/NSTextAttachmentTestDemo";
			};
			name = Debug;
		};
		CE159AC91EE0023800F42471 /* Release */ = {
			isa = XCBuildConfiguration;
			buildSettings = {
				BUNDLE_LOADER = "$(TEST_HOST)";
				DEVELOPMENT_TEAM = ZK9A286AA6;
				INFOPLIST_FILE = NSTextAttachmentTestDemoTests/Info.plist;
				LD_RUNPATH_SEARCH_PATHS = "$(inherited) @executable_path/Frameworks @loader_path/Frameworks";
				PRODUCT_BUNDLE_IDENTIFIER = thomas.NSTextAttachmentTestDemoTests;
				PRODUCT_NAME = "$(TARGET_NAME)";
				TEST_HOST = "$(BUILT_PRODUCTS_DIR)/NSTextAttachmentTestDemo.app/NSTextAttachmentTestDemo";
			};
			name = Release;
		};
		CE159ACB1EE0023800F42471 /* Debug */ = {
			isa = XCBuildConfiguration;
			buildSettings = {
				DEVELOPMENT_TEAM = ZK9A286AA6;
				INFOPLIST_FILE = NSTextAttachmentTestDemoUITests/Info.plist;
				LD_RUNPATH_SEARCH_PATHS = "$(inherited) @executable_path/Frameworks @loader_path/Frameworks";
				PRODUCT_BUNDLE_IDENTIFIER = thomas.NSTextAttachmentTestDemoUITests;
				PRODUCT_NAME = "$(TARGET_NAME)";
				TEST_TARGET_NAME = NSTextAttachmentTestDemo;
			};
			name = Debug;
		};
		CE159ACC1EE0023800F42471 /* Release */ = {
			isa = XCBuildConfiguration;
			buildSettings = {
				DEVELOPMENT_TEAM = ZK9A286AA6;
				INFOPLIST_FILE = NSTextAttachmentTestDemoUITests/Info.plist;
				LD_RUNPATH_SEARCH_PATHS = "$(inherited) @executable_path/Frameworks @loader_path/Frameworks";
				PRODUCT_BUNDLE_IDENTIFIER = thomas.NSTextAttachmentTestDemoUITests;
				PRODUCT_NAME = "$(TARGET_NAME)";
				TEST_TARGET_NAME = NSTextAttachmentTestDemo;
			};
			name = Release;
		};
/* End XCBuildConfiguration section */

/* Begin XCConfigurationList section */
		CE159A921EE0023800F42471 /* Build configuration list for PBXProject "NSTextAttachmentTestDemo" */ = {
			isa = XCConfigurationList;
			buildConfigurations = (
				CE159AC21EE0023800F42471 /* Debug */,
				CE159AC31EE0023800F42471 /* Release */,
			);
			defaultConfigurationIsVisible = 0;
			defaultConfigurationName = Release;
		};
		CE159AC41EE0023800F42471 /* Build configuration list for PBXNativeTarget "NSTextAttachmentTestDemo" */ = {
			isa = XCConfigurationList;
			buildConfigurations = (
				CE159AC51EE0023800F42471 /* Debug */,
				CE159AC61EE0023800F42471 /* Release */,
			);
			defaultConfigurationIsVisible = 0;
		};
		CE159AC71EE0023800F42471 /* Build configuration list for PBXNativeTarget "NSTextAttachmentTestDemoTests" */ = {
			isa = XCConfigurationList;
			buildConfigurations = (
				CE159AC81EE0023800F42471 /* Debug */,
				CE159AC91EE0023800F42471 /* Release */,
			);
			defaultConfigurationIsVisible = 0;
		};
		CE159ACA1EE0023800F42471 /* Build configuration list for PBXNativeTarget "NSTextAttachmentTestDemoUITests" */ = {
			isa = XCConfigurationList;
			buildConfigurations = (
				CE159ACB1EE0023800F42471 /* Debug */,
				CE159ACC1EE0023800F42471 /* Release */,
			);
			defaultConfigurationIsVisible = 0;
		};
/* End XCConfigurationList section */
	};
	rootObject = CE159A8F1EE0023800F42471 /* Project object */;
}
